
Microsoft Visual Studio Solution File, Format Version 12.00
# Visual Studio Version 17
VisualStudioVersion = 17.8.34330.188
MinimumVisualStudioVersion = 10.0.40219.1
Project("{9A19103F-16F7-4668-BE54-9A1E7A4F7556}") = "Planner", "Planner\Planner.csproj", "{7C182AF8-38BC-4C11-AC44-8820A3B6C13B}"
EndProject
Project("{9A19103F-16F7-4668-BE54-9A1E7A4F7556}") = "Model", "Model\Model.csproj", "{E77BDC99-A763-4CA2-80B0-DA4AB1224AD1}"
EndProject
Project("{9A19103F-16F7-4668-BE54-9A1E7A4F7556}") = "DbService", "Services\DbService.csproj", "{07AA931D-55D1-497D-A4A4-8B87A24CEF59}"
EndProject
Project("{FAE04EC0-301F-11D3-BF4B-00C04F79EFBC}") = "ReportService", "ReprotService\ReportService.csproj", "{0E97CD43-6673-46F2-96D8-418DFCD12CC5}"
EndProject
Global
	GlobalSection(SolutionConfigurationPlatforms) = preSolution
		Debug|Any CPU = Debug|Any CPU
		Release|Any CPU = Release|Any CPU
	EndGlobalSection
	GlobalSection(ProjectConfigurationPlatforms) = postSolution
		{7C182AF8-38BC-4C11-AC44-8820A3B6C13B}.Debug|Any CPU.ActiveCfg = Debug|Any CPU
		{7C182AF8-38BC-4C11-AC44-8820A3B6C13B}.Debug|Any CPU.Build.0 = Debug|Any CPU
		{7C182AF8-38BC-4C11-AC44-8820A3B6C13B}.Release|Any CPU.ActiveCfg = Release|Any CPU
		{7C182AF8-38BC-4C11-AC44-8820A3B6C13B}.Release|Any CPU.Build.0 = Release|Any CPU
		{E77BDC99-A763-4CA2-80B0-DA4AB1224AD1}.Debug|Any CPU.ActiveCfg = Debug|Any CPU
		{E77BDC99-A763-4CA2-80B0-DA4AB1224AD1}.Debug|Any CPU.Build.0 = Debug|Any CPU
		{E77BDC99-A763-4CA2-80B0-DA4AB1224AD1}.Release|Any CPU.ActiveCfg = Release|Any CPU
		{E77BDC99-A763-4CA2-80B0-DA4AB1224AD1}.Release|Any CPU.Build.0 = Release|Any CPU
		{07AA931D-55D1-497D-A4A4-8B87A24CEF59}.Debug|Any CPU.ActiveCfg = Debug|Any CPU
		{07AA931D-55D1-497D-A4A4-8B87A24CEF59}.Debug|Any CPU.Build.0 = Debug|Any CPU
		{07AA931D-55D1-497D-A4A4-8B87A24CEF59}.Release|Any CPU.ActiveCfg = Release|Any CPU
		{07AA931D-55D1-497D-A4A4-8B87A24CEF59}.Release|Any CPU.Build.0 = Release|Any CPU
		{0E97CD43-6673-46F2-96D8-418DFCD12CC5}.Debug|Any CPU.ActiveCfg = Debug|Any CPU
		{0E97CD43-6673-46F2-96D8-418DFCD12CC5}.Debug|Any CPU.Build.0 = Debug|Any CPU
		{0E97CD43-6673-46F2-96D8-418DFCD12CC5}.Release|Any CPU.ActiveCfg = Release|Any CPU
		{0E97CD43-6673-46F2-96D8-418DFCD12CC5}.Release|Any CPU.Build.0 = Release|Any CPU
	EndGlobalSection
	GlobalSection(SolutionProperties) = preSolution
		HideSolutionNode = FALSE
	EndGlobalSection
	GlobalSection(ExtensibilityGlobals) = postSolution
		SolutionGuid = {8D66C021-1CB3-4BA2-A774-7995512DA773}
	EndGlobalSection
EndGlobal
